// !$*UTF8*$!
{
	archiveVersion = 1;
	classes = {
	};
	objectVersion = 50;
	objects = {

/* Begin PBXBuildFile section */
		190EB697703EC8921E1C2BD9 /* Pods_FULL_WordsTests.framework in Frameworks */ = {isa = PBXBuildFile; fileRef = 0077C9EEFA11039007DB7A63 /* Pods_FULL_WordsTests.framework */; };
		CE19226020874E88000D7676 /* AppDelegate.swift in Sources */ = {isa = PBXBuildFile; fileRef = CE19225F20874E88000D7676 /* AppDelegate.swift */; };
		CE19226220874E88000D7676 /* LoginPageViewController.swift in Sources */ = {isa = PBXBuildFile; fileRef = CE19226120874E88000D7676 /* LoginPageViewController.swift */; };
		CE19226520874E88000D7676 /* Main.storyboard in Resources */ = {isa = PBXBuildFile; fileRef = CE19226320874E88000D7676 /* Main.storyboard */; };
		CE19226820874E88000D7676 /* FULL_Words.xcdatamodeld in Sources */ = {isa = PBXBuildFile; fileRef = CE19226620874E88000D7676 /* FULL_Words.xcdatamodeld */; };
		CE19226A20874E8A000D7676 /* Assets.xcassets in Resources */ = {isa = PBXBuildFile; fileRef = CE19226920874E8A000D7676 /* Assets.xcassets */; };
		CE19226D20874E8A000D7676 /* LaunchScreen.storyboard in Resources */ = {isa = PBXBuildFile; fileRef = CE19226B20874E8A000D7676 /* LaunchScreen.storyboard */; };
		CE19227820874E8A000D7676 /* FULL_WordsTests.swift in Sources */ = {isa = PBXBuildFile; fileRef = CE19227720874E8A000D7676 /* FULL_WordsTests.swift */; };
		CE19228320874E8A000D7676 /* FULL_WordsUITests.swift in Sources */ = {isa = PBXBuildFile; fileRef = CE19228220874E8A000D7676 /* FULL_WordsUITests.swift */; };
		CE3FA824209B37720022D4D5 /* PersistenceService.swift in Sources */ = {isa = PBXBuildFile; fileRef = CE3FA823209B37720022D4D5 /* PersistenceService.swift */; };
		CE48B6FB20AD4163001B8660 /* WordDetails+CoreDataClass.swift in Sources */ = {isa = PBXBuildFile; fileRef = CE48B6F920AD4163001B8660 /* WordDetails+CoreDataClass.swift */; };
		CE48B6FC20AD4163001B8660 /* WordDetails+CoreDataProperties.swift in Sources */ = {isa = PBXBuildFile; fileRef = CE48B6FA20AD4163001B8660 /* WordDetails+CoreDataProperties.swift */; };
		CE550E14208F37B900DA10DF /* dashboardicon@2x.png in Resources */ = {isa = PBXBuildFile; fileRef = CE550E10208F37B500DA10DF /* dashboardicon@2x.png */; };
		CE550E17208F37B900DA10DF /* dashboardicon.png in Resources */ = {isa = PBXBuildFile; fileRef = CE550E13208F37B800DA10DF /* dashboardicon.png */; };
		CE550E1E208F3AB600DA10DF /* wordsIcon.png in Resources */ = {isa = PBXBuildFile; fileRef = CE550E1C208F3AB500DA10DF /* wordsIcon.png */; };
		CE550E1F208F3AB600DA10DF /* wordsIcon@2x.png in Resources */ = {isa = PBXBuildFile; fileRef = CE550E1D208F3AB600DA10DF /* wordsIcon@2x.png */; };
		CE550E23208F41C000DA10DF /* adaptiveUImage.png in Resources */ = {isa = PBXBuildFile; fileRef = CE550E22208F41BE00DA10DF /* adaptiveUImage.png */; };
		CE610D892087606E00C0377F /* SF-Pro-Text-Light.otf in Resources */ = {isa = PBXBuildFile; fileRef = CE610D852087606B00C0377F /* SF-Pro-Text-Light.otf */; };
		CE610D8A2087606E00C0377F /* SF-Pro-Display-Ultralight.otf in Resources */ = {isa = PBXBuildFile; fileRef = CE610D862087606D00C0377F /* SF-Pro-Display-Ultralight.otf */; };
		CE610D8B2087606E00C0377F /* SF-Pro-Display-ThinItalic.otf in Resources */ = {isa = PBXBuildFile; fileRef = CE610D872087606E00C0377F /* SF-Pro-Display-ThinItalic.otf */; };
		CE610D8C2087606E00C0377F /* SF-Pro-Display-UltralightItalic.otf in Resources */ = {isa = PBXBuildFile; fileRef = CE610D882087606E00C0377F /* SF-Pro-Display-UltralightItalic.otf */; };
		CE610D92208880D800C0377F /* UserPageTabController.swift in Sources */ = {isa = PBXBuildFile; fileRef = CE610D91208880D800C0377F /* UserPageTabController.swift */; };
		CE610D94208888BE00C0377F /* SettingsTableViewController.swift in Sources */ = {isa = PBXBuildFile; fileRef = CE610D93208888BE00C0377F /* SettingsTableViewController.swift */; };
		CE6A2E5E20BE83AC0075E50B /* GoogleService-Info.plist in Resources */ = {isa = PBXBuildFile; fileRef = CE6A2E5D20BE83AB0075E50B /* GoogleService-Info.plist */; };
		CE85979920A1B15100FB6914 /* settings.png in Resources */ = {isa = PBXBuildFile; fileRef = CE85979720A1B14F00FB6914 /* settings.png */; };
		CE85979A20A1B15100FB6914 /* settings@2x.png in Resources */ = {isa = PBXBuildFile; fileRef = CE85979820A1B15000FB6914 /* settings@2x.png */; };
		CE85979D20A1B26A00FB6914 /* learnicon.png in Resources */ = {isa = PBXBuildFile; fileRef = CE85979B20A1B26700FB6914 /* learnicon.png */; };
		CE85979E20A1B26A00FB6914 /* learnicon@2x.png in Resources */ = {isa = PBXBuildFile; fileRef = CE85979C20A1B26900FB6914 /* learnicon@2x.png */; };
		CE8597A120A1B4DD00FB6914 /* peersicon.png in Resources */ = {isa = PBXBuildFile; fileRef = CE85979F20A1B4DA00FB6914 /* peersicon.png */; };
		CE8597A220A1B4DD00FB6914 /* peersicon@2x.png in Resources */ = {isa = PBXBuildFile; fileRef = CE8597A020A1B4DC00FB6914 /* peersicon@2x.png */; };
		CE9724CC208C3C39001F2ABC /* WordsTableViewController.swift in Sources */ = {isa = PBXBuildFile; fileRef = CE9724CB208C3C39001F2ABC /* WordsTableViewController.swift */; };
		CE9724CE208C40C4001F2ABC /* NewWordViewController.swift in Sources */ = {isa = PBXBuildFile; fileRef = CE9724CD208C40C4001F2ABC /* NewWordViewController.swift */; };
		CEAA670120BFF33E001ACE50 /* Montserrat-Medium.otf in Resources */ = {isa = PBXBuildFile; fileRef = CEAA66FF20BFF33D001ACE50 /* Montserrat-Medium.otf */; };
		CEAA670220BFF33E001ACE50 /* Montserrat-Regular.otf in Resources */ = {isa = PBXBuildFile; fileRef = CEAA670020BFF33E001ACE50 /* Montserrat-Regular.otf */; };
		CEAA670420C0055D001ACE50 /* MontserratAlternates-Medium.otf in Resources */ = {isa = PBXBuildFile; fileRef = CEAA670320C0055A001ACE50 /* MontserratAlternates-Medium.otf */; };
		CEAA670620C005EE001ACE50 /* MontserratAlternates-Bold.otf in Resources */ = {isa = PBXBuildFile; fileRef = CEAA670520C005EB001ACE50 /* MontserratAlternates-Bold.otf */; };
		CEAA670820C00A9A001ACE50 /* Montserrat-Bold.otf in Resources */ = {isa = PBXBuildFile; fileRef = CEAA670720C00A98001ACE50 /* Montserrat-Bold.otf */; };
		CEAA670A20C00B3C001ACE50 /* Montserrat-SemiBold.otf in Resources */ = {isa = PBXBuildFile; fileRef = CEAA670920C00B3A001ACE50 /* Montserrat-SemiBold.otf */; };
		CEF91B5E20BBF2BB00BA25CC /* HelperFunctionsAndExtensions.swift in Sources */ = {isa = PBXBuildFile; fileRef = CEF91B5D20BBF2BB00BA25CC /* HelperFunctionsAndExtensions.swift */; };
		CEFF532B2090D147006FEB2C /* ViewWordsViewController.swift in Sources */ = {isa = PBXBuildFile; fileRef = CEFF532A2090D147006FEB2C /* ViewWordsViewController.swift */; };
		DA2B14D84649F9B88E6F3A30 /* Pods_FULL_WordsUITests.framework in Frameworks */ = {isa = PBXBuildFile; fileRef = 5C285B75FEA32AF8FA9B2782 /* Pods_FULL_WordsUITests.framework */; };
		EC103F9DC4EC784EDB04CCC4 /* Pods_FULL_Words.framework in Frameworks */ = {isa = PBXBuildFile; fileRef = E48CB485EC84858B854CDE60 /* Pods_FULL_Words.framework */; };
/* End PBXBuildFile section */

/* Begin PBXContainerItemProxy section */
		CE19227420874E8A000D7676 /* PBXContainerItemProxy */ = {
			isa = PBXContainerItemProxy;
			containerPortal = CE19225420874E88000D7676 /* Project object */;
			proxyType = 1;
			remoteGlobalIDString = CE19225B20874E88000D7676;
			remoteInfo = "FULL Words";
		};
		CE19227F20874E8A000D7676 /* PBXContainerItemProxy */ = {
			isa = PBXContainerItemProxy;
			containerPortal = CE19225420874E88000D7676 /* Project object */;
			proxyType = 1;
			remoteGlobalIDString = CE19225B20874E88000D7676;
			remoteInfo = "FULL Words";
		};
/* End PBXContainerItemProxy section */

/* Begin PBXFileReference section */
		0077C9EEFA11039007DB7A63 /* Pods_FULL_WordsTests.framework */ = {isa = PBXFileReference; explicitFileType = wrapper.framework; includeInIndex = 0; path = Pods_FULL_WordsTests.framework; sourceTree = BUILT_PRODUCTS_DIR; };
		28B1C185CC370F78EF7AD146 /* Pods-FULL WordsTests.debug.xcconfig */ = {isa = PBXFileReference; includeInIndex = 1; lastKnownFileType = text.xcconfig; name = "Pods-FULL WordsTests.debug.xcconfig"; path = "Pods/Target Support Files/Pods-FULL WordsTests/Pods-FULL WordsTests.debug.xcconfig"; sourceTree = "<group>"; };
		2989921C5B281EAA63B8087F /* Pods-FULL Words.debug.xcconfig */ = {isa = PBXFileReference; includeInIndex = 1; lastKnownFileType = text.xcconfig; name = "Pods-FULL Words.debug.xcconfig"; path = "Pods/Target Support Files/Pods-FULL Words/Pods-FULL Words.debug.xcconfig"; sourceTree = "<group>"; };
		43CB793F07AC27DF1852C448 /* Pods-FULL WordsUITests.debug.xcconfig */ = {isa = PBXFileReference; includeInIndex = 1; lastKnownFileType = text.xcconfig; name = "Pods-FULL WordsUITests.debug.xcconfig"; path = "Pods/Target Support Files/Pods-FULL WordsUITests/Pods-FULL WordsUITests.debug.xcconfig"; sourceTree = "<group>"; };
		5C285B75FEA32AF8FA9B2782 /* Pods_FULL_WordsUITests.framework */ = {isa = PBXFileReference; explicitFileType = wrapper.framework; includeInIndex = 0; path = Pods_FULL_WordsUITests.framework; sourceTree = BUILT_PRODUCTS_DIR; };
		6686407204C4F7AA1582048F /* Pods-FULL WordsUITests.release.xcconfig */ = {isa = PBXFileReference; includeInIndex = 1; lastKnownFileType = text.xcconfig; name = "Pods-FULL WordsUITests.release.xcconfig"; path = "Pods/Target Support Files/Pods-FULL WordsUITests/Pods-FULL WordsUITests.release.xcconfig"; sourceTree = "<group>"; };
		6C9DCDA73B5449A49A1C7B8A /* Pods-FULL WordsTests.release.xcconfig */ = {isa = PBXFileReference; includeInIndex = 1; lastKnownFileType = text.xcconfig; name = "Pods-FULL WordsTests.release.xcconfig"; path = "Pods/Target Support Files/Pods-FULL WordsTests/Pods-FULL WordsTests.release.xcconfig"; sourceTree = "<group>"; };
		6D0AC2CCE57343C04670EA22 /* Pods-FULL Words.release.xcconfig */ = {isa = PBXFileReference; includeInIndex = 1; lastKnownFileType = text.xcconfig; name = "Pods-FULL Words.release.xcconfig"; path = "Pods/Target Support Files/Pods-FULL Words/Pods-FULL Words.release.xcconfig"; sourceTree = "<group>"; };
		CE19225C20874E88000D7676 /* FULL Words.app */ = {isa = PBXFileReference; explicitFileType = wrapper.application; includeInIndex = 0; path = "FULL Words.app"; sourceTree = BUILT_PRODUCTS_DIR; };
		CE19225F20874E88000D7676 /* AppDelegate.swift */ = {isa = PBXFileReference; lastKnownFileType = sourcecode.swift; path = AppDelegate.swift; sourceTree = "<group>"; };
		CE19226120874E88000D7676 /* LoginPageViewController.swift */ = {isa = PBXFileReference; lastKnownFileType = sourcecode.swift; path = LoginPageViewController.swift; sourceTree = "<group>"; };
		CE19226420874E88000D7676 /* Base */ = {isa = PBXFileReference; lastKnownFileType = file.storyboard; name = Base; path = Base.lproj/Main.storyboard; sourceTree = "<group>"; };
		CE19226720874E88000D7676 /* FULL_Words.xcdatamodel */ = {isa = PBXFileReference; lastKnownFileType = wrapper.xcdatamodel; path = FULL_Words.xcdatamodel; sourceTree = "<group>"; };
		CE19226920874E8A000D7676 /* Assets.xcassets */ = {isa = PBXFileReference; lastKnownFileType = folder.assetcatalog; path = Assets.xcassets; sourceTree = "<group>"; };
		CE19226C20874E8A000D7676 /* Base */ = {isa = PBXFileReference; lastKnownFileType = file.storyboard; name = Base; path = Base.lproj/LaunchScreen.storyboard; sourceTree = "<group>"; };
		CE19226E20874E8A000D7676 /* Info.plist */ = {isa = PBXFileReference; lastKnownFileType = text.plist.xml; path = Info.plist; sourceTree = "<group>"; };
		CE19227320874E8A000D7676 /* FULL WordsTests.xctest */ = {isa = PBXFileReference; explicitFileType = wrapper.cfbundle; includeInIndex = 0; path = "FULL WordsTests.xctest"; sourceTree = BUILT_PRODUCTS_DIR; };
		CE19227720874E8A000D7676 /* FULL_WordsTests.swift */ = {isa = PBXFileReference; lastKnownFileType = sourcecode.swift; path = FULL_WordsTests.swift; sourceTree = "<group>"; };
		CE19227920874E8A000D7676 /* Info.plist */ = {isa = PBXFileReference; lastKnownFileType = text.plist.xml; path = Info.plist; sourceTree = "<group>"; };
		CE19227E20874E8A000D7676 /* FULL WordsUITests.xctest */ = {isa = PBXFileReference; explicitFileType = wrapper.cfbundle; includeInIndex = 0; path = "FULL WordsUITests.xctest"; sourceTree = BUILT_PRODUCTS_DIR; };
		CE19228220874E8A000D7676 /* FULL_WordsUITests.swift */ = {isa = PBXFileReference; lastKnownFileType = sourcecode.swift; path = FULL_WordsUITests.swift; sourceTree = "<group>"; };
		CE19228420874E8A000D7676 /* Info.plist */ = {isa = PBXFileReference; lastKnownFileType = text.plist.xml; path = Info.plist; sourceTree = "<group>"; };
		CE3FA823209B37720022D4D5 /* PersistenceService.swift */ = {isa = PBXFileReference; lastKnownFileType = sourcecode.swift; path = PersistenceService.swift; sourceTree = "<group>"; };
		CE48B6F920AD4163001B8660 /* WordDetails+CoreDataClass.swift */ = {isa = PBXFileReference; fileEncoding = 4; lastKnownFileType = sourcecode.swift; path = "WordDetails+CoreDataClass.swift"; sourceTree = "<group>"; };
		CE48B6FA20AD4163001B8660 /* WordDetails+CoreDataProperties.swift */ = {isa = PBXFileReference; fileEncoding = 4; lastKnownFileType = sourcecode.swift; path = "WordDetails+CoreDataProperties.swift"; sourceTree = "<group>"; };
		CE550E10208F37B500DA10DF /* dashboardicon@2x.png */ = {isa = PBXFileReference; lastKnownFileType = image.png; path = "dashboardicon@2x.png"; sourceTree = "<group>"; };
		CE550E13208F37B800DA10DF /* dashboardicon.png */ = {isa = PBXFileReference; lastKnownFileType = image.png; path = dashboardicon.png; sourceTree = "<group>"; };
		CE550E1C208F3AB500DA10DF /* wordsIcon.png */ = {isa = PBXFileReference; lastKnownFileType = image.png; path = wordsIcon.png; sourceTree = "<group>"; };
		CE550E1D208F3AB600DA10DF /* wordsIcon@2x.png */ = {isa = PBXFileReference; lastKnownFileType = image.png; path = "wordsIcon@2x.png"; sourceTree = "<group>"; };
		CE550E22208F41BE00DA10DF /* adaptiveUImage.png */ = {isa = PBXFileReference; lastKnownFileType = image.png; path = adaptiveUImage.png; sourceTree = "<group>"; };
		CE610D852087606B00C0377F /* SF-Pro-Text-Light.otf */ = {isa = PBXFileReference; lastKnownFileType = file; path = "SF-Pro-Text-Light.otf"; sourceTree = "<group>"; };
		CE610D862087606D00C0377F /* SF-Pro-Display-Ultralight.otf */ = {isa = PBXFileReference; lastKnownFileType = file; path = "SF-Pro-Display-Ultralight.otf"; sourceTree = "<group>"; };
		CE610D872087606E00C0377F /* SF-Pro-Display-ThinItalic.otf */ = {isa = PBXFileReference; lastKnownFileType = file; path = "SF-Pro-Display-ThinItalic.otf"; sourceTree = "<group>"; };
		CE610D882087606E00C0377F /* SF-Pro-Display-UltralightItalic.otf */ = {isa = PBXFileReference; lastKnownFileType = file; path = "SF-Pro-Display-UltralightItalic.otf"; sourceTree = "<group>"; };
		CE610D91208880D800C0377F /* UserPageTabController.swift */ = {isa = PBXFileReference; lastKnownFileType = sourcecode.swift; path = UserPageTabController.swift; sourceTree = "<group>"; };
		CE610D93208888BE00C0377F /* SettingsTableViewController.swift */ = {isa = PBXFileReference; lastKnownFileType = sourcecode.swift; path = SettingsTableViewController.swift; sourceTree = "<group>"; };
		CE6A2E5D20BE83AB0075E50B /* GoogleService-Info.plist */ = {isa = PBXFileReference; fileEncoding = 4; lastKnownFileType = text.plist.xml; path = "GoogleService-Info.plist"; sourceTree = "<group>"; };
		CE85979720A1B14F00FB6914 /* settings.png */ = {isa = PBXFileReference; lastKnownFileType = image.png; path = settings.png; sourceTree = "<group>"; };
		CE85979820A1B15000FB6914 /* settings@2x.png */ = {isa = PBXFileReference; lastKnownFileType = image.png; path = "settings@2x.png"; sourceTree = "<group>"; };
		CE85979B20A1B26700FB6914 /* learnicon.png */ = {isa = PBXFileReference; lastKnownFileType = image.png; path = learnicon.png; sourceTree = "<group>"; };
		CE85979C20A1B26900FB6914 /* learnicon@2x.png */ = {isa = PBXFileReference; lastKnownFileType = image.png; path = "learnicon@2x.png"; sourceTree = "<group>"; };
		CE85979F20A1B4DA00FB6914 /* peersicon.png */ = {isa = PBXFileReference; lastKnownFileType = image.png; path = peersicon.png; sourceTree = "<group>"; };
		CE8597A020A1B4DC00FB6914 /* peersicon@2x.png */ = {isa = PBXFileReference; lastKnownFileType = image.png; path = "peersicon@2x.png"; sourceTree = "<group>"; };
		CE9724CB208C3C39001F2ABC /* WordsTableViewController.swift */ = {isa = PBXFileReference; lastKnownFileType = sourcecode.swift; path = WordsTableViewController.swift; sourceTree = "<group>"; };
		CE9724CD208C40C4001F2ABC /* NewWordViewController.swift */ = {isa = PBXFileReference; lastKnownFileType = sourcecode.swift; path = NewWordViewController.swift; sourceTree = "<group>"; };
		CEAA66FF20BFF33D001ACE50 /* Montserrat-Medium.otf */ = {isa = PBXFileReference; lastKnownFileType = file; path = "Montserrat-Medium.otf"; sourceTree = "<group>"; };
		CEAA670020BFF33E001ACE50 /* Montserrat-Regular.otf */ = {isa = PBXFileReference; lastKnownFileType = file; path = "Montserrat-Regular.otf"; sourceTree = "<group>"; };
		CEAA670320C0055A001ACE50 /* MontserratAlternates-Medium.otf */ = {isa = PBXFileReference; lastKnownFileType = file; path = "MontserratAlternates-Medium.otf"; sourceTree = "<group>"; };
		CEAA670520C005EB001ACE50 /* MontserratAlternates-Bold.otf */ = {isa = PBXFileReference; lastKnownFileType = file; path = "MontserratAlternates-Bold.otf"; sourceTree = "<group>"; };
		CEAA670720C00A98001ACE50 /* Montserrat-Bold.otf */ = {isa = PBXFileReference; lastKnownFileType = file; path = "Montserrat-Bold.otf"; sourceTree = "<group>"; };
		CEAA670920C00B3A001ACE50 /* Montserrat-SemiBold.otf */ = {isa = PBXFileReference; lastKnownFileType = file; path = "Montserrat-SemiBold.otf"; sourceTree = "<group>"; };
		CEF91B5D20BBF2BB00BA25CC /* HelperFunctionsAndExtensions.swift */ = {isa = PBXFileReference; lastKnownFileType = sourcecode.swift; path = HelperFunctionsAndExtensions.swift; sourceTree = "<group>"; };
		CEFF532A2090D147006FEB2C /* ViewWordsViewController.swift */ = {isa = PBXFileReference; lastKnownFileType = sourcecode.swift; path = ViewWordsViewController.swift; sourceTree = "<group>"; };
		E48CB485EC84858B854CDE60 /* Pods_FULL_Words.framework */ = {isa = PBXFileReference; explicitFileType = wrapper.framework; includeInIndex = 0; path = Pods_FULL_Words.framework; sourceTree = BUILT_PRODUCTS_DIR; };
/* End PBXFileReference section */

/* Begin PBXFrameworksBuildPhase section */
		CE19225920874E88000D7676 /* Frameworks */ = {
			isa = PBXFrameworksBuildPhase;
			buildActionMask = 2147483647;
			files = (
				EC103F9DC4EC784EDB04CCC4 /* Pods_FULL_Words.framework in Frameworks */,
			);
			runOnlyForDeploymentPostprocessing = 0;
		};
		CE19227020874E8A000D7676 /* Frameworks */ = {
			isa = PBXFrameworksBuildPhase;
			buildActionMask = 2147483647;
			files = (
				190EB697703EC8921E1C2BD9 /* Pods_FULL_WordsTests.framework in Frameworks */,
			);
			runOnlyForDeploymentPostprocessing = 0;
		};
		CE19227B20874E8A000D7676 /* Frameworks */ = {
			isa = PBXFrameworksBuildPhase;
			buildActionMask = 2147483647;
			files = (
				DA2B14D84649F9B88E6F3A30 /* Pods_FULL_WordsUITests.framework in Frameworks */,
			);
			runOnlyForDeploymentPostprocessing = 0;
		};
/* End PBXFrameworksBuildPhase section */

/* Begin PBXGroup section */
		68D31E510D6B2FAD4E235803 /* Pods */ = {
			isa = PBXGroup;
			children = (
				2989921C5B281EAA63B8087F /* Pods-FULL Words.debug.xcconfig */,
				6D0AC2CCE57343C04670EA22 /* Pods-FULL Words.release.xcconfig */,
				28B1C185CC370F78EF7AD146 /* Pods-FULL WordsTests.debug.xcconfig */,
				6C9DCDA73B5449A49A1C7B8A /* Pods-FULL WordsTests.release.xcconfig */,
				43CB793F07AC27DF1852C448 /* Pods-FULL WordsUITests.debug.xcconfig */,
				6686407204C4F7AA1582048F /* Pods-FULL WordsUITests.release.xcconfig */,
			);
			name = Pods;
			sourceTree = "<group>";
		};
		6BBF9927DC447A1144F3A66C /* Frameworks */ = {
			isa = PBXGroup;
			children = (
				E48CB485EC84858B854CDE60 /* Pods_FULL_Words.framework */,
				0077C9EEFA11039007DB7A63 /* Pods_FULL_WordsTests.framework */,
				5C285B75FEA32AF8FA9B2782 /* Pods_FULL_WordsUITests.framework */,
			);
			name = Frameworks;
			sourceTree = "<group>";
		};
		CE19225320874E88000D7676 = {
			isa = PBXGroup;
			children = (
				CE19225E20874E88000D7676 /* FULL Words */,
				CE19227620874E8A000D7676 /* FULL WordsTests */,
				CE19228120874E8A000D7676 /* FULL WordsUITests */,
				CE19225D20874E88000D7676 /* Products */,
				68D31E510D6B2FAD4E235803 /* Pods */,
				6BBF9927DC447A1144F3A66C /* Frameworks */,
			);
			sourceTree = "<group>";
		};
		CE19225D20874E88000D7676 /* Products */ = {
			isa = PBXGroup;
			children = (
				CE19225C20874E88000D7676 /* FULL Words.app */,
				CE19227320874E8A000D7676 /* FULL WordsTests.xctest */,
				CE19227E20874E8A000D7676 /* FULL WordsUITests.xctest */,
			);
			name = Products;
			sourceTree = "<group>";
		};
		CE19225E20874E88000D7676 /* FULL Words */ = {
			isa = PBXGroup;
			children = (
				CE19225F20874E88000D7676 /* AppDelegate.swift */,
				CE19226120874E88000D7676 /* LoginPageViewController.swift */,
				CE19226320874E88000D7676 /* Main.storyboard */,
				CE19226B20874E8A000D7676 /* LaunchScreen.storyboard */,
				CE9D236D20A319BA0043962B /* TabBarControllersAllTabs */,
				CE9D236F20A31A460043962B /* PopUpAndDetailsViewControllers */,
				CE9D236E20A31A0A0043962B /* CoreDataFiles */,
				CE9D236C20A2C4BC0043962B /* Fonts */,
				CE9D236B20A2C45F0043962B /* Images */,
				CE19226920874E8A000D7676 /* Assets.xcassets */,
				CE19226E20874E8A000D7676 /* Info.plist */,
				CE6A2E5D20BE83AB0075E50B /* GoogleService-Info.plist */,
			);
			path = "FULL Words";
			sourceTree = "<group>";
		};
		CE19227620874E8A000D7676 /* FULL WordsTests */ = {
			isa = PBXGroup;
			children = (
				CE19227720874E8A000D7676 /* FULL_WordsTests.swift */,
				CE19227920874E8A000D7676 /* Info.plist */,
			);
			path = "FULL WordsTests";
			sourceTree = "<group>";
		};
		CE19228120874E8A000D7676 /* FULL WordsUITests */ = {
			isa = PBXGroup;
			children = (
				CE19228220874E8A000D7676 /* FULL_WordsUITests.swift */,
				CE19228420874E8A000D7676 /* Info.plist */,
			);
			path = "FULL WordsUITests";
			sourceTree = "<group>";
		};
		CE9D236B20A2C45F0043962B /* Images */ = {
			isa = PBXGroup;
			children = (
				CE550E13208F37B800DA10DF /* dashboardicon.png */,
				CE550E10208F37B500DA10DF /* dashboardicon@2x.png */,
				CE550E1C208F3AB500DA10DF /* wordsIcon.png */,
				CE550E1D208F3AB600DA10DF /* wordsIcon@2x.png */,
				CE85979720A1B14F00FB6914 /* settings.png */,
				CE85979820A1B15000FB6914 /* settings@2x.png */,
				CE85979B20A1B26700FB6914 /* learnicon.png */,
				CE85979C20A1B26900FB6914 /* learnicon@2x.png */,
				CE85979F20A1B4DA00FB6914 /* peersicon.png */,
				CE8597A020A1B4DC00FB6914 /* peersicon@2x.png */,
				CE550E22208F41BE00DA10DF /* adaptiveUImage.png */,
			);
			path = Images;
			sourceTree = "<group>";
		};
		CE9D236C20A2C4BC0043962B /* Fonts */ = {
			isa = PBXGroup;
			children = (
				CEAA670920C00B3A001ACE50 /* Montserrat-SemiBold.otf */,
				CEAA670720C00A98001ACE50 /* Montserrat-Bold.otf */,
				CEAA670520C005EB001ACE50 /* MontserratAlternates-Bold.otf */,
				CEAA670320C0055A001ACE50 /* MontserratAlternates-Medium.otf */,
				CE610D872087606E00C0377F /* SF-Pro-Display-ThinItalic.otf */,
				CE610D862087606D00C0377F /* SF-Pro-Display-Ultralight.otf */,
				CE610D882087606E00C0377F /* SF-Pro-Display-UltralightItalic.otf */,
				CE610D852087606B00C0377F /* SF-Pro-Text-Light.otf */,
				CEAA66FF20BFF33D001ACE50 /* Montserrat-Medium.otf */,
				CEAA670020BFF33E001ACE50 /* Montserrat-Regular.otf */,
			);
			path = Fonts;
			sourceTree = "<group>";
		};
		CE9D236D20A319BA0043962B /* TabBarControllersAllTabs */ = {
			isa = PBXGroup;
			children = (
				CE610D91208880D800C0377F /* UserPageTabController.swift */,
				CE610D93208888BE00C0377F /* SettingsTableViewController.swift */,
				CE9724CB208C3C39001F2ABC /* WordsTableViewController.swift */,
			);
			path = TabBarControllersAllTabs;
			sourceTree = "<group>";
		};
		CE9D236E20A31A0A0043962B /* CoreDataFiles */ = {
			isa = PBXGroup;
			children = (
				CE3FA823209B37720022D4D5 /* PersistenceService.swift */,
				CE48B6F920AD4163001B8660 /* WordDetails+CoreDataClass.swift */,
				CE48B6FA20AD4163001B8660 /* WordDetails+CoreDataProperties.swift */,
				CE19226620874E88000D7676 /* FULL_Words.xcdatamodeld */,
			);
			path = CoreDataFiles;
			sourceTree = "<group>";
		};
		CE9D236F20A31A460043962B /* PopUpAndDetailsViewControllers */ = {
			isa = PBXGroup;
			children = (
				CE9724CD208C40C4001F2ABC /* NewWordViewController.swift */,
				CEFF532A2090D147006FEB2C /* ViewWordsViewController.swift */,
				CEF91B5D20BBF2BB00BA25CC /* HelperFunctionsAndExtensions.swift */,
			);
			path = PopUpAndDetailsViewControllers;
			sourceTree = "<group>";
		};
/* End PBXGroup section */

/* Begin PBXNativeTarget section */
		CE19225B20874E88000D7676 /* FULL Words */ = {
			isa = PBXNativeTarget;
			buildConfigurationList = CE19228720874E8A000D7676 /* Build configuration list for PBXNativeTarget "FULL Words" */;
			buildPhases = (
				289A3A3FE1145FC34116EB27 /* [CP] Check Pods Manifest.lock */,
				CE19225820874E88000D7676 /* Sources */,
				CE19225920874E88000D7676 /* Frameworks */,
				CEF91B4920B5A83A00BA25CC /* ShellScript */,
				CE19225A20874E88000D7676 /* Resources */,
				CD9125B5E86F7031CD2ED6DE /* [CP] Embed Pods Frameworks */,
			);
			buildRules = (
			);
			dependencies = (
			);
			name = "FULL Words";
			productName = "FULL Words";
			productReference = CE19225C20874E88000D7676 /* FULL Words.app */;
			productType = "com.apple.product-type.application";
		};
		CE19227220874E8A000D7676 /* FULL WordsTests */ = {
			isa = PBXNativeTarget;
			buildConfigurationList = CE19228A20874E8A000D7676 /* Build configuration list for PBXNativeTarget "FULL WordsTests" */;
			buildPhases = (
				89B27AFBB75E2B6A08C28AAC /* [CP] Check Pods Manifest.lock */,
				CE19226F20874E8A000D7676 /* Sources */,
				CE19227020874E8A000D7676 /* Frameworks */,
				CE19227120874E8A000D7676 /* Resources */,
			);
			buildRules = (
			);
			dependencies = (
				CE19227520874E8A000D7676 /* PBXTargetDependency */,
			);
			name = "FULL WordsTests";
			productName = "FULL WordsTests";
			productReference = CE19227320874E8A000D7676 /* FULL WordsTests.xctest */;
			productType = "com.apple.product-type.bundle.unit-test";
		};
		CE19227D20874E8A000D7676 /* FULL WordsUITests */ = {
			isa = PBXNativeTarget;
			buildConfigurationList = CE19228D20874E8A000D7676 /* Build configuration list for PBXNativeTarget "FULL WordsUITests" */;
			buildPhases = (
				8675431A9939FDCA0D9B0034 /* [CP] Check Pods Manifest.lock */,
				CE19227A20874E8A000D7676 /* Sources */,
				CE19227B20874E8A000D7676 /* Frameworks */,
				CE19227C20874E8A000D7676 /* Resources */,
			);
			buildRules = (
			);
			dependencies = (
				CE19228020874E8A000D7676 /* PBXTargetDependency */,
			);
			name = "FULL WordsUITests";
			productName = "FULL WordsUITests";
			productReference = CE19227E20874E8A000D7676 /* FULL WordsUITests.xctest */;
			productType = "com.apple.product-type.bundle.ui-testing";
		};
/* End PBXNativeTarget section */

/* Begin PBXProject section */
		CE19225420874E88000D7676 /* Project object */ = {
			isa = PBXProject;
			attributes = {
				LastSwiftUpdateCheck = 0930;
				LastUpgradeCheck = 0930;
				ORGANIZATIONNAME = FULL;
				TargetAttributes = {
					CE19225B20874E88000D7676 = {
						CreatedOnToolsVersion = 9.3;
					};
					CE19227220874E8A000D7676 = {
						CreatedOnToolsVersion = 9.3;
						TestTargetID = CE19225B20874E88000D7676;
					};
					CE19227D20874E8A000D7676 = {
						CreatedOnToolsVersion = 9.3;
						TestTargetID = CE19225B20874E88000D7676;
					};
				};
			};
			buildConfigurationList = CE19225720874E88000D7676 /* Build configuration list for PBXProject "FULL Words" */;
			compatibilityVersion = "Xcode 9.3";
			developmentRegion = en;
			hasScannedForEncodings = 0;
			knownRegions = (
				en,
				Base,
			);
			mainGroup = CE19225320874E88000D7676;
			productRefGroup = CE19225D20874E88000D7676 /* Products */;
			projectDirPath = "";
			projectRoot = "";
			targets = (
				CE19225B20874E88000D7676 /* FULL Words */,
				CE19227220874E8A000D7676 /* FULL WordsTests */,
				CE19227D20874E8A000D7676 /* FULL WordsUITests */,
			);
		};
/* End PBXProject section */

/* Begin PBXResourcesBuildPhase section */
		CE19225A20874E88000D7676 /* Resources */ = {
			isa = PBXResourcesBuildPhase;
			buildActionMask = 2147483647;
			files = (
				CEAA670620C005EE001ACE50 /* MontserratAlternates-Bold.otf in Resources */,
				CE550E1F208F3AB600DA10DF /* wordsIcon@2x.png in Resources */,
				CEAA670120BFF33E001ACE50 /* Montserrat-Medium.otf in Resources */,
				CE85979A20A1B15100FB6914 /* settings@2x.png in Resources */,
				CEAA670A20C00B3C001ACE50 /* Montserrat-SemiBold.otf in Resources */,
				CE550E23208F41C000DA10DF /* adaptiveUImage.png in Resources */,
				CE19226D20874E8A000D7676 /* LaunchScreen.storyboard in Resources */,
				CEAA670220BFF33E001ACE50 /* Montserrat-Regular.otf in Resources */,
				CE85979920A1B15100FB6914 /* settings.png in Resources */,
				CE8597A220A1B4DD00FB6914 /* peersicon@2x.png in Resources */,
				CE19226A20874E8A000D7676 /* Assets.xcassets in Resources */,
				CE550E14208F37B900DA10DF /* dashboardicon@2x.png in Resources */,
				CE19226520874E88000D7676 /* Main.storyboard in Resources */,
				CE85979D20A1B26A00FB6914 /* learnicon.png in Resources */,
				CE550E1E208F3AB600DA10DF /* wordsIcon.png in Resources */,
				CE6A2E5E20BE83AC0075E50B /* GoogleService-Info.plist in Resources */,
				CE610D8B2087606E00C0377F /* SF-Pro-Display-ThinItalic.otf in Resources */,
				CE610D8A2087606E00C0377F /* SF-Pro-Display-Ultralight.otf in Resources */,
				CEAA670420C0055D001ACE50 /* MontserratAlternates-Medium.otf in Resources */,
				CE610D892087606E00C0377F /* SF-Pro-Text-Light.otf in Resources */,
				CE550E17208F37B900DA10DF /* dashboardicon.png in Resources */,
				CE85979E20A1B26A00FB6914 /* learnicon@2x.png in Resources */,
				CE8597A120A1B4DD00FB6914 /* peersicon.png in Resources */,
				CE610D8C2087606E00C0377F /* SF-Pro-Display-UltralightItalic.otf in Resources */,
				CEAA670820C00A9A001ACE50 /* Montserrat-Bold.otf in Resources */,
			);
			runOnlyForDeploymentPostprocessing = 0;
		};
		CE19227120874E8A000D7676 /* Resources */ = {
			isa = PBXResourcesBuildPhase;
			buildActionMask = 2147483647;
			files = (
			);
			runOnlyForDeploymentPostprocessing = 0;
		};
		CE19227C20874E8A000D7676 /* Resources */ = {
			isa = PBXResourcesBuildPhase;
			buildActionMask = 2147483647;
			files = (
			);
			runOnlyForDeploymentPostprocessing = 0;
		};
/* End PBXResourcesBuildPhase section */

/* Begin PBXShellScriptBuildPhase section */
		289A3A3FE1145FC34116EB27 /* [CP] Check Pods Manifest.lock */ = {
			isa = PBXShellScriptBuildPhase;
			buildActionMask = 2147483647;
			files = (
			);
			inputPaths = (
				"${PODS_PODFILE_DIR_PATH}/Podfile.lock",
				"${PODS_ROOT}/Manifest.lock",
			);
			name = "[CP] Check Pods Manifest.lock";
			outputPaths = (
				"$(DERIVED_FILE_DIR)/Pods-FULL Words-checkManifestLockResult.txt",
			);
			runOnlyForDeploymentPostprocessing = 0;
			shellPath = /bin/sh;
			shellScript = "diff \"${PODS_PODFILE_DIR_PATH}/Podfile.lock\" \"${PODS_ROOT}/Manifest.lock\" > /dev/null\nif [ $? != 0 ] ; then\n    # print error to STDERR\n    echo \"error: The sandbox is not in sync with the Podfile.lock. Run 'pod install' or update your CocoaPods installation.\" >&2\n    exit 1\nfi\n# This output is used by Xcode 'outputs' to avoid re-running this script phase.\necho \"SUCCESS\" > \"${SCRIPT_OUTPUT_FILE_0}\"\n";
			showEnvVarsInLog = 0;
		};
		8675431A9939FDCA0D9B0034 /* [CP] Check Pods Manifest.lock */ = {
			isa = PBXShellScriptBuildPhase;
			buildActionMask = 2147483647;
			files = (
			);
			inputPaths = (
				"${PODS_PODFILE_DIR_PATH}/Podfile.lock",
				"${PODS_ROOT}/Manifest.lock",
			);
			name = "[CP] Check Pods Manifest.lock";
			outputPaths = (
				"$(DERIVED_FILE_DIR)/Pods-FULL WordsUITests-checkManifestLockResult.txt",
			);
			runOnlyForDeploymentPostprocessing = 0;
			shellPath = /bin/sh;
			shellScript = "diff \"${PODS_PODFILE_DIR_PATH}/Podfile.lock\" \"${PODS_ROOT}/Manifest.lock\" > /dev/null\nif [ $? != 0 ] ; then\n    # print error to STDERR\n    echo \"error: The sandbox is not in sync with the Podfile.lock. Run 'pod install' or update your CocoaPods installation.\" >&2\n    exit 1\nfi\n# This output is used by Xcode 'outputs' to avoid re-running this script phase.\necho \"SUCCESS\" > \"${SCRIPT_OUTPUT_FILE_0}\"\n";
			showEnvVarsInLog = 0;
		};
		89B27AFBB75E2B6A08C28AAC /* [CP] Check Pods Manifest.lock */ = {
			isa = PBXShellScriptBuildPhase;
			buildActionMask = 2147483647;
			files = (
			);
			inputPaths = (
				"${PODS_PODFILE_DIR_PATH}/Podfile.lock",
				"${PODS_ROOT}/Manifest.lock",
			);
			name = "[CP] Check Pods Manifest.lock";
			outputPaths = (
				"$(DERIVED_FILE_DIR)/Pods-FULL WordsTests-checkManifestLockResult.txt",
			);
			runOnlyForDeploymentPostprocessing = 0;
			shellPath = /bin/sh;
			shellScript = "diff \"${PODS_PODFILE_DIR_PATH}/Podfile.lock\" \"${PODS_ROOT}/Manifest.lock\" > /dev/null\nif [ $? != 0 ] ; then\n    # print error to STDERR\n    echo \"error: The sandbox is not in sync with the Podfile.lock. Run 'pod install' or update your CocoaPods installation.\" >&2\n    exit 1\nfi\n# This output is used by Xcode 'outputs' to avoid re-running this script phase.\necho \"SUCCESS\" > \"${SCRIPT_OUTPUT_FILE_0}\"\n";
			showEnvVarsInLog = 0;
		};
		CD9125B5E86F7031CD2ED6DE /* [CP] Embed Pods Frameworks */ = {
			isa = PBXShellScriptBuildPhase;
			buildActionMask = 2147483647;
			files = (
			);
			inputPaths = (
				"${SRCROOT}/Pods/Target Support Files/Pods-FULL Words/Pods-FULL Words-frameworks.sh",
				"${BUILT_PRODUCTS_DIR}/Alamofire/Alamofire.framework",
				"${BUILT_PRODUCTS_DIR}/FullFeedback/FullFeedback.framework",
				"${BUILT_PRODUCTS_DIR}/GoogleToolboxForMac/GoogleToolboxForMac.framework",
				"${BUILT_PRODUCTS_DIR}/MBProgressHUD/MBProgressHUD.framework",
				"${BUILT_PRODUCTS_DIR}/SwiftyJSON/SwiftyJSON.framework",
				"${BUILT_PRODUCTS_DIR}/nanopb/nanopb.framework",
			);
			name = "[CP] Embed Pods Frameworks";
			outputPaths = (
				"${TARGET_BUILD_DIR}/${FRAMEWORKS_FOLDER_PATH}/Alamofire.framework",
				"${TARGET_BUILD_DIR}/${FRAMEWORKS_FOLDER_PATH}/FullFeedback.framework",
				"${TARGET_BUILD_DIR}/${FRAMEWORKS_FOLDER_PATH}/GoogleToolboxForMac.framework",
				"${TARGET_BUILD_DIR}/${FRAMEWORKS_FOLDER_PATH}/MBProgressHUD.framework",
				"${TARGET_BUILD_DIR}/${FRAMEWORKS_FOLDER_PATH}/SwiftyJSON.framework",
				"${TARGET_BUILD_DIR}/${FRAMEWORKS_FOLDER_PATH}/nanopb.framework",
			);
			runOnlyForDeploymentPostprocessing = 0;
			shellPath = /bin/sh;
			shellScript = "\"${SRCROOT}/Pods/Target Support Files/Pods-FULL Words/Pods-FULL Words-frameworks.sh\"\n";
			showEnvVarsInLog = 0;
		};
		CEF91B4920B5A83A00BA25CC /* ShellScript */ = {
			isa = PBXShellScriptBuildPhase;
			buildActionMask = 8;
			files = (
			);
			inputPaths = (
			);
			outputPaths = (
			);
			runOnlyForDeploymentPostprocessing = 1;
			shellPath = /bin/sh;
			shellScript = "buildNumber=$(/usr/libexec/PlistBuddy -c \"Print CFBundleVersion\" \"$INFOPLIST_FILE\")\nincl=.1\nbuildNumber=`echo $buildNumber + $incl|bc`\n/usr/libexec/PlistBuddy -c \"Set :CFBundleVersion $buildNumber\" \"$INFOPLIST_FILE\"";
		};
/* End PBXShellScriptBuildPhase section */

/* Begin PBXSourcesBuildPhase section */
		CE19225820874E88000D7676 /* Sources */ = {
			isa = PBXSourcesBuildPhase;
			buildActionMask = 2147483647;
			files = (
				CE19226820874E88000D7676 /* FULL_Words.xcdatamodeld in Sources */,
				CE19226220874E88000D7676 /* LoginPageViewController.swift in Sources */,
				CE3FA824209B37720022D4D5 /* PersistenceService.swift in Sources */,
				CE48B6FC20AD4163001B8660 /* WordDetails+CoreDataProperties.swift in Sources */,
				CE9724CC208C3C39001F2ABC /* WordsTableViewController.swift in Sources */,
				CE9724CE208C40C4001F2ABC /* NewWordViewController.swift in Sources */,
				CE610D94208888BE00C0377F /* SettingsTableViewController.swift in Sources */,
				CE610D92208880D800C0377F /* UserPageTabController.swift in Sources */,
				CE19226020874E88000D7676 /* AppDelegate.swift in Sources */,
				CEF91B5E20BBF2BB00BA25CC /* HelperFunctionsAndExtensions.swift in Sources */,
				CE48B6FB20AD4163001B8660 /* WordDetails+CoreDataClass.swift in Sources */,
				CEFF532B2090D147006FEB2C /* ViewWordsViewController.swift in Sources */,
			);
			runOnlyForDeploymentPostprocessing = 0;
		};
		CE19226F20874E8A000D7676 /* Sources */ = {
			isa = PBXSourcesBuildPhase;
			buildActionMask = 2147483647;
			files = (
				CE19227820874E8A000D7676 /* FULL_WordsTests.swift in Sources */,
			);
			runOnlyForDeploymentPostprocessing = 0;
		};
		CE19227A20874E8A000D7676 /* Sources */ = {
			isa = PBXSourcesBuildPhase;
			buildActionMask = 2147483647;
			files = (
				CE19228320874E8A000D7676 /* FULL_WordsUITests.swift in Sources */,
			);
			runOnlyForDeploymentPostprocessing = 0;
		};
/* End PBXSourcesBuildPhase section */

/* Begin PBXTargetDependency section */
		CE19227520874E8A000D7676 /* PBXTargetDependency */ = {
			isa = PBXTargetDependency;
			target = CE19225B20874E88000D7676 /* FULL Words */;
			targetProxy = CE19227420874E8A000D7676 /* PBXContainerItemProxy */;
		};
		CE19228020874E8A000D7676 /* PBXTargetDependency */ = {
			isa = PBXTargetDependency;
			target = CE19225B20874E88000D7676 /* FULL Words */;
			targetProxy = CE19227F20874E8A000D7676 /* PBXContainerItemProxy */;
		};
/* End PBXTargetDependency section */

/* Begin PBXVariantGroup section */
		CE19226320874E88000D7676 /* Main.storyboard */ = {
			isa = PBXVariantGroup;
			children = (
				CE19226420874E88000D7676 /* Base */,
			);
			name = Main.storyboard;
			sourceTree = "<group>";
		};
		CE19226B20874E8A000D7676 /* LaunchScreen.storyboard */ = {
			isa = PBXVariantGroup;
			children = (
				CE19226C20874E8A000D7676 /* Base */,
			);
			name = LaunchScreen.storyboard;
			sourceTree = "<group>";
		};
/* End PBXVariantGroup section */

/* Begin XCBuildConfiguration section */
		CE19228520874E8A000D7676 /* Debug */ = {
			isa = XCBuildConfiguration;
			buildSettings = {
				ALWAYS_SEARCH_USER_PATHS = NO;
				CLANG_ANALYZER_NONNULL = YES;
				CLANG_ANALYZER_NUMBER_OBJECT_CONVERSION = YES_AGGRESSIVE;
				CLANG_CXX_LANGUAGE_STANDARD = "gnu++14";
				CLANG_CXX_LIBRARY = "libc++";
				CLANG_ENABLE_MODULES = YES;
				CLANG_ENABLE_OBJC_ARC = YES;
				CLANG_ENABLE_OBJC_WEAK = YES;
				CLANG_WARN_BLOCK_CAPTURE_AUTORELEASING = YES;
				CLANG_WARN_BOOL_CONVERSION = YES;
				CLANG_WARN_COMMA = YES;
				CLANG_WARN_CONSTANT_CONVERSION = YES;
				CLANG_WARN_DEPRECATED_OBJC_IMPLEMENTATIONS = YES;
				CLANG_WARN_DIRECT_OBJC_ISA_USAGE = YES_ERROR;
				CLANG_WARN_DOCUMENTATION_COMMENTS = YES;
				CLANG_WARN_EMPTY_BODY = YES;
				CLANG_WARN_ENUM_CONVERSION = YES;
				CLANG_WARN_INFINITE_RECURSION = YES;
				CLANG_WARN_INT_CONVERSION = YES;
				CLANG_WARN_NON_LITERAL_NULL_CONVERSION = YES;
				CLANG_WARN_OBJC_IMPLICIT_RETAIN_SELF = YES;
				CLANG_WARN_OBJC_LITERAL_CONVERSION = YES;
				CLANG_WARN_OBJC_ROOT_CLASS = YES_ERROR;
				CLANG_WARN_RANGE_LOOP_ANALYSIS = YES;
				CLANG_WARN_STRICT_PROTOTYPES = YES;
				CLANG_WARN_SUSPICIOUS_MOVE = YES;
				CLANG_WARN_UNGUARDED_AVAILABILITY = YES_AGGRESSIVE;
				CLANG_WARN_UNREACHABLE_CODE = YES;
				CLANG_WARN__DUPLICATE_METHOD_MATCH = YES;
				CODE_SIGN_IDENTITY = "iPhone Developer";
				COPY_PHASE_STRIP = NO;
				DEBUG_INFORMATION_FORMAT = dwarf;
				ENABLE_STRICT_OBJC_MSGSEND = YES;
				ENABLE_TESTABILITY = YES;
				GCC_C_LANGUAGE_STANDARD = gnu11;
				GCC_DYNAMIC_NO_PIC = NO;
				GCC_NO_COMMON_BLOCKS = YES;
				GCC_OPTIMIZATION_LEVEL = 0;
				GCC_PREPROCESSOR_DEFINITIONS = (
					"DEBUG=1",
					"$(inherited)",
				);
				GCC_WARN_64_TO_32_BIT_CONVERSION = YES;
				GCC_WARN_ABOUT_RETURN_TYPE = YES_ERROR;
				GCC_WARN_UNDECLARED_SELECTOR = YES;
				GCC_WARN_UNINITIALIZED_AUTOS = YES_AGGRESSIVE;
				GCC_WARN_UNUSED_FUNCTION = YES;
				GCC_WARN_UNUSED_VARIABLE = YES;
				IPHONEOS_DEPLOYMENT_TARGET = 11.3;
				MTL_ENABLE_DEBUG_INFO = YES;
				ONLY_ACTIVE_ARCH = YES;
				SDKROOT = iphoneos;
				SWIFT_ACTIVE_COMPILATION_CONDITIONS = DEBUG;
				SWIFT_OPTIMIZATION_LEVEL = "-Onone";
			};
			name = Debug;
		};
		CE19228620874E8A000D7676 /* Release */ = {
			isa = XCBuildConfiguration;
			buildSettings = {
				ALWAYS_SEARCH_USER_PATHS = NO;
				CLANG_ANALYZER_NONNULL = YES;
				CLANG_ANALYZER_NUMBER_OBJECT_CONVERSION = YES_AGGRESSIVE;
				CLANG_CXX_LANGUAGE_STANDARD = "gnu++14";
				CLANG_CXX_LIBRARY = "libc++";
				CLANG_ENABLE_MODULES = YES;
				CLANG_ENABLE_OBJC_ARC = YES;
				CLANG_ENABLE_OBJC_WEAK = YES;
				CLANG_WARN_BLOCK_CAPTURE_AUTORELEASING = YES;
				CLANG_WARN_BOOL_CONVERSION = YES;
				CLANG_WARN_COMMA = YES;
				CLANG_WARN_CONSTANT_CONVERSION = YES;
				CLANG_WARN_DEPRECATED_OBJC_IMPLEMENTATIONS = YES;
				CLANG_WARN_DIRECT_OBJC_ISA_USAGE = YES_ERROR;
				CLANG_WARN_DOCUMENTATION_COMMENTS = YES;
				CLANG_WARN_EMPTY_BODY = YES;
				CLANG_WARN_ENUM_CONVERSION = YES;
				CLANG_WARN_INFINITE_RECURSION = YES;
				CLANG_WARN_INT_CONVERSION = YES;
				CLANG_WARN_NON_LITERAL_NULL_CONVERSION = YES;
				CLANG_WARN_OBJC_IMPLICIT_RETAIN_SELF = YES;
				CLANG_WARN_OBJC_LITERAL_CONVERSION = YES;
				CLANG_WARN_OBJC_ROOT_CLASS = YES_ERROR;
				CLANG_WARN_RANGE_LOOP_ANALYSIS = YES;
				CLANG_WARN_STRICT_PROTOTYPES = YES;
				CLANG_WARN_SUSPICIOUS_MOVE = YES;
				CLANG_WARN_UNGUARDED_AVAILABILITY = YES_AGGRESSIVE;
				CLANG_WARN_UNREACHABLE_CODE = YES;
				CLANG_WARN__DUPLICATE_METHOD_MATCH = YES;
				CODE_SIGN_IDENTITY = "iPhone Distribution";
				COPY_PHASE_STRIP = NO;
				DEBUG_INFORMATION_FORMAT = "dwarf-with-dsym";
				ENABLE_NS_ASSERTIONS = NO;
				ENABLE_STRICT_OBJC_MSGSEND = YES;
				GCC_C_LANGUAGE_STANDARD = gnu11;
				GCC_NO_COMMON_BLOCKS = YES;
				GCC_WARN_64_TO_32_BIT_CONVERSION = YES;
				GCC_WARN_ABOUT_RETURN_TYPE = YES_ERROR;
				GCC_WARN_UNDECLARED_SELECTOR = YES;
				GCC_WARN_UNINITIALIZED_AUTOS = YES_AGGRESSIVE;
				GCC_WARN_UNUSED_FUNCTION = YES;
				GCC_WARN_UNUSED_VARIABLE = YES;
				IPHONEOS_DEPLOYMENT_TARGET = 11.3;
				MTL_ENABLE_DEBUG_INFO = NO;
				SDKROOT = iphoneos;
				SWIFT_COMPILATION_MODE = wholemodule;
				SWIFT_OPTIMIZATION_LEVEL = "-O";
				VALIDATE_PRODUCT = YES;
			};
			name = Release;
		};
		CE19228820874E8A000D7676 /* Debug */ = {
			isa = XCBuildConfiguration;
			baseConfigurationReference = 2989921C5B281EAA63B8087F /* Pods-FULL Words.debug.xcconfig */;
			buildSettings = {
				ASSETCATALOG_COMPILER_APPICON_NAME = AppIcon;
				CODE_SIGN_IDENTITY = "iPhone Developer";
				CODE_SIGN_STYLE = Manual;
				DEVELOPMENT_TEAM = U6EUGX9769;
				INFOPLIST_FILE = "FULL Words/Info.plist";
				IPHONEOS_DEPLOYMENT_TARGET = 11.0;
				LD_RUNPATH_SEARCH_PATHS = (
					"$(inherited)",
					"@executable_path/Frameworks",
				);
				PRODUCT_BUNDLE_IDENTIFIER = co.anywhere.fullwords;
				PRODUCT_NAME = "$(TARGET_NAME)";
				PROVISIONING_PROFILE = "73cbf749-9b13-4816-806e-46bfb2f1b36b";
				PROVISIONING_PROFILE_SPECIFIER = "FullWords Dev_Provision_Profile";
				SWIFT_VERSION = 4.0;
				TARGETED_DEVICE_FAMILY = 1;
			};
			name = Debug;
		};
		CE19228920874E8A000D7676 /* Release */ = {
			isa = XCBuildConfiguration;
			baseConfigurationReference = 6D0AC2CCE57343C04670EA22 /* Pods-FULL Words.release.xcconfig */;
			buildSettings = {
				ASSETCATALOG_COMPILER_APPICON_NAME = AppIcon;
				CODE_SIGN_IDENTITY = "iPhone Distribution";
				CODE_SIGN_STYLE = Manual;
				DEVELOPMENT_TEAM = U6EUGX9769;
				INFOPLIST_FILE = "FULL Words/Info.plist";
				IPHONEOS_DEPLOYMENT_TARGET = 11.0;
				LD_RUNPATH_SEARCH_PATHS = (
					"$(inherited)",
					"@executable_path/Frameworks",
				);
				PRODUCT_BUNDLE_IDENTIFIER = co.anywhere.fullwords;
				PRODUCT_NAME = "$(TARGET_NAME)";
				PROVISIONING_PROFILE = "c017060c-32bf-487b-915d-8404ab47e188";
				PROVISIONING_PROFILE_SPECIFIER = "FullWords Dist_Provisioning_Profile";
				SWIFT_VERSION = 4.0;
				TARGETED_DEVICE_FAMILY = 1;
			};
			name = Release;
		};
		CE19228B20874E8A000D7676 /* Debug */ = {
			isa = XCBuildConfiguration;
			baseConfigurationReference = 28B1C185CC370F78EF7AD146 /* Pods-FULL WordsTests.debug.xcconfig */;
			buildSettings = {
				ALWAYS_EMBED_SWIFT_STANDARD_LIBRARIES = YES;
				BUNDLE_LOADER = "$(TEST_HOST)";
				CODE_SIGN_STYLE = Automatic;
				DEVELOPMENT_TEAM = 75GBEJC733;
				INFOPLIST_FILE = "FULL WordsTests/Info.plist";
				LD_RUNPATH_SEARCH_PATHS = (
					"$(inherited)",
					"@executable_path/Frameworks",
					"@loader_path/Frameworks",
				);
				PRODUCT_BUNDLE_IDENTIFIER = "FULL.FULL-WordsTests";
				PRODUCT_NAME = "$(TARGET_NAME)";
				SWIFT_VERSION = 4.0;
				TARGETED_DEVICE_FAMILY = "1,2";
				TEST_HOST = "$(BUILT_PRODUCTS_DIR)/FULL Words.app/FULL Words";
			};
			name = Debug;
		};
		CE19228C20874E8A000D7676 /* Release */ = {
			isa = XCBuildConfiguration;
			baseConfigurationReference = 6C9DCDA73B5449A49A1C7B8A /* Pods-FULL WordsTests.release.xcconfig */;
			buildSettings = {
				ALWAYS_EMBED_SWIFT_STANDARD_LIBRARIES = YES;
				BUNDLE_LOADER = "$(TEST_HOST)";
				CODE_SIGN_STYLE = Automatic;
				DEVELOPMENT_TEAM = 75GBEJC733;
				INFOPLIST_FILE = "FULL WordsTests/Info.plist";
				LD_RUNPATH_SEARCH_PATHS = (
					"$(inherited)",
					"@executable_path/Frameworks",
					"@loader_path/Frameworks",
				);
				PRODUCT_BUNDLE_IDENTIFIER = "FULL.FULL-WordsTests";
				PRODUCT_NAME = "$(TARGET_NAME)";
				SWIFT_VERSION = 4.0;
				TARGETED_DEVICE_FAMILY = "1,2";
				TEST_HOST = "$(BUILT_PRODUCTS_DIR)/FULL Words.app/FULL Words";
			};
			name = Release;
		};
		CE19228E20874E8A000D7676 /* Debug */ = {
			isa = XCBuildConfiguration;
			baseConfigurationReference = 43CB793F07AC27DF1852C448 /* Pods-FULL WordsUITests.debug.xcconfig */;
			buildSettings = {
				ALWAYS_EMBED_SWIFT_STANDARD_LIBRARIES = YES;
				CODE_SIGN_STYLE = Automatic;
				DEVELOPMENT_TEAM = 75GBEJC733;
				INFOPLIST_FILE = "FULL WordsUITests/Info.plist";
				LD_RUNPATH_SEARCH_PATHS = (
					"$(inherited)",
					"@executable_path/Frameworks",
					"@loader_path/Frameworks",
				);
				PRODUCT_BUNDLE_IDENTIFIER = "FULL.FULL-WordsUITests";
				PRODUCT_NAME = "$(TARGET_NAME)";
				SWIFT_VERSION = 4.0;
				TARGETED_DEVICE_FAMILY = "1,2";
				TEST_TARGET_NAME = "FULL Words";
			};
			name = Debug;
		};
		CE19228F20874E8A000D7676 /* Release */ = {
			isa = XCBuildConfiguration;
			baseConfigurationReference = 6686407204C4F7AA1582048F /* Pods-FULL WordsUITests.release.xcconfig */;
			buildSettings = {
				ALWAYS_EMBED_SWIFT_STANDARD_LIBRARIES = YES;
				CODE_SIGN_STYLE = Automatic;
				DEVELOPMENT_TEAM = 75GBEJC733;
				INFOPLIST_FILE = "FULL WordsUITests/Info.plist";
				LD_RUNPATH_SEARCH_PATHS = (
					"$(inherited)",
					"@executable_path/Frameworks",
					"@loader_path/Frameworks",
				);
				PRODUCT_BUNDLE_IDENTIFIER = "FULL.FULL-WordsUITests";
				PRODUCT_NAME = "$(TARGET_NAME)";
				SWIFT_VERSION = 4.0;
				TARGETED_DEVICE_FAMILY = "1,2";
				TEST_TARGET_NAME = "FULL Words";
			};
			name = Release;
		};
/* End XCBuildConfiguration section */

/* Begin XCConfigurationList section */
		CE19225720874E88000D7676 /* Build configuration list for PBXProject "FULL Words" */ = {
			isa = XCConfigurationList;
			buildConfigurations = (
				CE19228520874E8A000D7676 /* Debug */,
				CE19228620874E8A000D7676 /* Release */,
			);
			defaultConfigurationIsVisible = 0;
			defaultConfigurationName = Release;
		};
		CE19228720874E8A000D7676 /* Build configuration list for PBXNativeTarget "FULL Words" */ = {
			isa = XCConfigurationList;
			buildConfigurations = (
				CE19228820874E8A000D7676 /* Debug */,
				CE19228920874E8A000D7676 /* Release */,
			);
			defaultConfigurationIsVisible = 0;
			defaultConfigurationName = Release;
		};
		CE19228A20874E8A000D7676 /* Build configuration list for PBXNativeTarget "FULL WordsTests" */ = {
			isa = XCConfigurationList;
			buildConfigurations = (
				CE19228B20874E8A000D7676 /* Debug */,
				CE19228C20874E8A000D7676 /* Release */,
			);
			defaultConfigurationIsVisible = 0;
			defaultConfigurationName = Release;
		};
		CE19228D20874E8A000D7676 /* Build configuration list for PBXNativeTarget "FULL WordsUITests" */ = {
			isa = XCConfigurationList;
			buildConfigurations = (
				CE19228E20874E8A000D7676 /* Debug */,
				CE19228F20874E8A000D7676 /* Release */,
			);
			defaultConfigurationIsVisible = 0;
			defaultConfigurationName = Release;
		};
/* End XCConfigurationList section */

/* Begin XCVersionGroup section */
		CE19226620874E88000D7676 /* FULL_Words.xcdatamodeld */ = {
			isa = XCVersionGroup;
			children = (
				CE19226720874E88000D7676 /* FULL_Words.xcdatamodel */,
			);
			currentVersion = CE19226720874E88000D7676 /* FULL_Words.xcdatamodel */;
			path = FULL_Words.xcdatamodeld;
			sourceTree = "<group>";
			versionGroupType = wrapper.xcdatamodel;
		};
/* End XCVersionGroup section */
	};
	rootObject = CE19225420874E88000D7676 /* Project object */;
}
